
Microsoft Visual Studio Solution File, Format Version 11.00
# Visual Studio 2010
Project("{FAE04EC0-301F-11D3-BF4B-00C04F79EFBC}") = "GrepLoadDoc", "GrepLoadDoc\GrepLoadDoc.csproj", "{6C4239A6-EE8E-4146-A7C5-6891BA2C6149}"
EndProject
Global
	GlobalSection(SolutionConfigurationPlatforms) = preSolution
		Debug|x86 = Debug|x86
		Release|x86 = Release|x86
	EndGlobalSection
	GlobalSection(ProjectConfigurationPlatforms) = postSolution
		{6C4239A6-EE8E-4146-A7C5-6891BA2C6149}.Debug|x86.ActiveCfg = Debug|x86
		{6C4239A6-EE8E-4146-A7C5-6891BA2C6149}.Debug|x86.Build.0 = Debug|x86
		{6C4239A6-EE8E-4146-A7C5-6891BA2C6149}.Release|x86.ActiveCfg = Release|x86
		{6C4239A6-EE8E-4146-A7C5-6891BA2C6149}.Release|x86.Build.0 = Release|x86
	EndGlobalSection
	GlobalSection(SolutionProperties) = preSolution
		HideSolutionNode = FALSE
	EndGlobalSection
EndGlobal
